<?xml version="1.0" encoding="utf-8"?>
<Project ToolsVersion="4.0" xmlns="http://schemas.microsoft.com/developer/msbuild/2003">
  <ItemGroup>
    <Filter Include="Windows">
      <UniqueIdentifier>{14b83ce5-5948-4efa-bd0a-7fd5c0729137}</UniqueIdentifier>
    </Filter>
    <Filter Include="Implementations">
      <UniqueIdentifier>{57a1d2c4-1da9-46c3-a953-326af65b501d}</UniqueIdentifier>
    </Filter>
    <Filter Include="TestFramework">
      <UniqueIdentifier>{1d4ca8a6-44a3-4220-ac00-bfc36f1eb6a2}</UniqueIdentifier>
    </Filter>
    <Filter Include="TestFramework\Windows">
      <UniqueIdentifier>{f892d933-5c24-4fb0-acb6-88758447fa23}</UniqueIdentifier>
    </Filter>
  </ItemGroup>
  <ItemGroup>
    <ClCompile Include="Windows\SerializationTests.cpp">
      <Filter>Windows</Filter>
    </ClCompile>
    <ClCompile Include="Implementations\TestsImplementations.cpp">
      <Filter>Implementations</Filter>
    </ClCompile>
    <ClCompile Include="TestFramework\Windows\Assert.cpp">
      <Filter>TestFramework\Windows</Filter>
    </ClCompile>
  </ItemGroup>
  <ItemGroup>
    <ClInclude Include="Implementations\TestsImplementations.h">
      <Filter>Implementations</Filter>
    </ClInclude>
    <ClInclude Include="TestFramework\Assert.h">
      <Filter>TestFramework</Filter>
    </ClInclude>
  </ItemGroup>
</Project>